
Microsoft Visual Studio Solution File, Format Version 12.00
# Visual Studio Version 17
VisualStudioVersion = 17.14.36518.9
MinimumVisualStudioVersion = 10.0.40219.1
Project("{FAE04EC0-301F-11D3-BF4B-00C04F79EFBC}") = "ProjetoBaco", "ProjetoBaco\ProjetoBaco.csproj", "{4E7B3250-B619-4806-B704-99221E418BE9}"
EndProject
Project("{FAE04EC0-301F-11D3-BF4B-00C04F79EFBC}") = "Data", "Data\Data.csproj", "{1CC0E9E2-CCB0-4B13-A6B2-20F009DB03A1}"
EndProject
Global
	GlobalSection(SolutionConfigurationPlatforms) = preSolution
		Debug|Any CPU = Debug|Any CPU
		Release|Any CPU = Release|Any CPU
	EndGlobalSection
	GlobalSection(ProjectConfigurationPlatforms) = postSolution
		{4E7B3250-B619-4806-B704-99221E418BE9}.Debug|Any CPU.ActiveCfg = Debug|Any CPU
		{4E7B3250-B619-4806-B704-99221E418BE9}.Debug|Any CPU.Build.0 = Debug|Any CPU
		{4E7B3250-B619-4806-B704-99221E418BE9}.Release|Any CPU.ActiveCfg = Release|Any CPU
		{4E7B3250-B619-4806-B704-99221E418BE9}.Release|Any CPU.Build.0 = Release|Any CPU
		{1CC0E9E2-CCB0-4B13-A6B2-20F009DB03A1}.Debug|Any CPU.ActiveCfg = Debug|Any CPU
		{1CC0E9E2-CCB0-4B13-A6B2-20F009DB03A1}.Debug|Any CPU.Build.0 = Debug|Any CPU
		{1CC0E9E2-CCB0-4B13-A6B2-20F009DB03A1}.Release|Any CPU.ActiveCfg = Release|Any CPU
		{1CC0E9E2-CCB0-4B13-A6B2-20F009DB03A1}.Release|Any CPU.Build.0 = Release|Any CPU
	EndGlobalSection
	GlobalSection(SolutionProperties) = preSolution
		HideSolutionNode = FALSE
	EndGlobalSection
	GlobalSection(ExtensibilityGlobals) = postSolution
		SolutionGuid = {48864312-EB14-45F5-B853-B21FC41651F0}
	EndGlobalSection
EndGlobal
